// !$*UTF8*$!
{
	archiveVersion = 1;
	classes = {
	};
	objectVersion = 46;
	objects = {

/* Begin PBXBuildFile section */
		BC0381EB1DB55BDE00044CB1 /* AppDelegate.swift in Sources */ = {isa = PBXBuildFile; fileRef = BC0381EA1DB55BDE00044CB1 /* AppDelegate.swift */; };
		BC0381F01DB55BDE00044CB1 /* Main.storyboard in Resources */ = {isa = PBXBuildFile; fileRef = BC0381EE1DB55BDE00044CB1 /* Main.storyboard */; };
		BC0381F21DB55BDE00044CB1 /* Assets.xcassets in Resources */ = {isa = PBXBuildFile; fileRef = BC0381F11DB55BDE00044CB1 /* Assets.xcassets */; };
		BC0381F51DB55BDE00044CB1 /* LaunchScreen.storyboard in Resources */ = {isa = PBXBuildFile; fileRef = BC0381F31DB55BDE00044CB1 /* LaunchScreen.storyboard */; };
		BC7FBFCA1DB741AF003A37D0 /* TaskTableViewController.swift in Sources */ = {isa = PBXBuildFile; fileRef = BC7FBFC91DB741AF003A37D0 /* TaskTableViewController.swift */; };
		BC7FBFCC1DB7452F003A37D0 /* StatsViewController.swift in Sources */ = {isa = PBXBuildFile; fileRef = BC7FBFCB1DB7452F003A37D0 /* StatsViewController.swift */; };
		BC7FBFD21DB75D45003A37D0 /* TaskObject.swift in Sources */ = {isa = PBXBuildFile; fileRef = BC7FBFD11DB75D45003A37D0 /* TaskObject.swift */; };
		BCC2E1291DB73FBE00BB57F7 /* AddTaskViewController.swift in Sources */ = {isa = PBXBuildFile; fileRef = BCC2E1281DB73FBE00BB57F7 /* AddTaskViewController.swift */; };
/* End PBXBuildFile section */

/* Begin PBXFileReference section */
		BC0381E71DB55BDE00044CB1 /* Todo.app */ = {isa = PBXFileReference; explicitFileType = wrapper.application; includeInIndex = 0; path = Todo.app; sourceTree = BUILT_PRODUCTS_DIR; };
		BC0381EA1DB55BDE00044CB1 /* AppDelegate.swift */ = {isa = PBXFileReference; lastKnownFileType = sourcecode.swift; path = AppDelegate.swift; sourceTree = "<group>"; };
		BC0381EF1DB55BDE00044CB1 /* Base */ = {isa = PBXFileReference; lastKnownFileType = file.storyboard; name = Base; path = Base.lproj/Main.storyboard; sourceTree = "<group>"; };
		BC0381F11DB55BDE00044CB1 /* Assets.xcassets */ = {isa = PBXFileReference; lastKnownFileType = folder.assetcatalog; path = Assets.xcassets; sourceTree = "<group>"; };
		BC0381F41DB55BDE00044CB1 /* Base */ = {isa = PBXFileReference; lastKnownFileType = file.storyboard; name = Base; path = Base.lproj/LaunchScreen.storyboard; sourceTree = "<group>"; };
		BC0381F61DB55BDE00044CB1 /* Info.plist */ = {isa = PBXFileReference; lastKnownFileType = text.plist.xml; path = Info.plist; sourceTree = "<group>"; };
		BC7FBFC91DB741AF003A37D0 /* TaskTableViewController.swift */ = {isa = PBXFileReference; fileEncoding = 4; lastKnownFileType = sourcecode.swift; path = TaskTableViewController.swift; sourceTree = "<group>"; };
		BC7FBFCB1DB7452F003A37D0 /* StatsViewController.swift */ = {isa = PBXFileReference; fileEncoding = 4; lastKnownFileType = sourcecode.swift; path = StatsViewController.swift; sourceTree = "<group>"; };
		BC7FBFD11DB75D45003A37D0 /* TaskObject.swift */ = {isa = PBXFileReference; fileEncoding = 4; lastKnownFileType = sourcecode.swift; path = TaskObject.swift; sourceTree = "<group>"; };
		BCC2E1281DB73FBE00BB57F7 /* AddTaskViewController.swift */ = {isa = PBXFileReference; fileEncoding = 4; lastKnownFileType = sourcecode.swift; path = AddTaskViewController.swift; sourceTree = "<group>"; };
/* End PBXFileReference section */

/* Begin PBXFrameworksBuildPhase section */
		BC0381E41DB55BDD00044CB1 /* Frameworks */ = {
			isa = PBXFrameworksBuildPhase;
			buildActionMask = 2147483647;
			files = (
			);
			runOnlyForDeploymentPostprocessing = 0;
		};
/* End PBXFrameworksBuildPhase section */

/* Begin PBXGroup section */
		BC0381DE1DB55BDD00044CB1 = {
			isa = PBXGroup;
			children = (
				BC0381E91DB55BDE00044CB1 /* Todo */,
				BC0381E81DB55BDE00044CB1 /* Products */,
			);
			sourceTree = "<group>";
		};
		BC0381E81DB55BDE00044CB1 /* Products */ = {
			isa = PBXGroup;
			children = (
				BC0381E71DB55BDE00044CB1 /* Todo.app */,
			);
			name = Products;
			sourceTree = "<group>";
		};
		BC0381E91DB55BDE00044CB1 /* Todo */ = {
			isa = PBXGroup;
			children = (
				BC7FBFC91DB741AF003A37D0 /* TaskTableViewController.swift */,
				BC7FBFD11DB75D45003A37D0 /* TaskObject.swift */,
				BCC2E1281DB73FBE00BB57F7 /* AddTaskViewController.swift */,
				BC7FBFCB1DB7452F003A37D0 /* StatsViewController.swift */,
				BC0381EA1DB55BDE00044CB1 /* AppDelegate.swift */,
				BC0381EE1DB55BDE00044CB1 /* Main.storyboard */,
				BC0381F11DB55BDE00044CB1 /* Assets.xcassets */,
				BC0381F31DB55BDE00044CB1 /* LaunchScreen.storyboard */,
				BC0381F61DB55BDE00044CB1 /* Info.plist */,
			);
			path = Todo;
			sourceTree = "<group>";
		};
/* End PBXGroup section */

/* Begin PBXNativeTarget section */
		BC0381E61DB55BDD00044CB1 /* Todo */ = {
			isa = PBXNativeTarget;
			buildConfigurationList = BC0381F91DB55BDE00044CB1 /* Build configuration list for PBXNativeTarget "Todo" */;
			buildPhases = (
				BC0381E31DB55BDD00044CB1 /* Sources */,
				BC0381E41DB55BDD00044CB1 /* Frameworks */,
				BC0381E51DB55BDD00044CB1 /* Resources */,
			);
			buildRules = (
			);
			dependencies = (
			);
			name = Todo;
			productName = Todo;
			productReference = BC0381E71DB55BDE00044CB1 /* Todo.app */;
			productType = "com.apple.product-type.application";
		};
/* End PBXNativeTarget section */

/* Begin PBXProject section */
		BC0381DF1DB55BDD00044CB1 /* Project object */ = {
			isa = PBXProject;
			attributes = {
				LastSwiftUpdateCheck = 0800;
				LastUpgradeCheck = 0800;
				ORGANIZATIONNAME = "AChan Inc.";
				TargetAttributes = {
					BC0381E61DB55BDD00044CB1 = {
						CreatedOnToolsVersion = 8.0;
						ProvisioningStyle = Automatic;
					};
				};
			};
			buildConfigurationList = BC0381E21DB55BDD00044CB1 /* Build configuration list for PBXProject "Todo" */;
			compatibilityVersion = "Xcode 3.2";
			developmentRegion = English;
			hasScannedForEncodings = 0;
			knownRegions = (
				en,
				Base,
			);
			mainGroup = BC0381DE1DB55BDD00044CB1;
			productRefGroup = BC0381E81DB55BDE00044CB1 /* Products */;
			projectDirPath = "";
			projectRoot = "";
			targets = (
				BC0381E61DB55BDD00044CB1 /* Todo */,
			);
		};
/* End PBXProject section */

/* Begin PBXResourcesBuildPhase section */
		BC0381E51DB55BDD00044CB1 /* Resources */ = {
			isa = PBXResourcesBuildPhase;
			buildActionMask = 2147483647;
			files = (
				BC0381F51DB55BDE00044CB1 /* LaunchScreen.storyboard in Resources */,
				BC0381F21DB55BDE00044CB1 /* Assets.xcassets in Resources */,
				BC0381F01DB55BDE00044CB1 /* Main.storyboard in Resources */,
			);
			runOnlyForDeploymentPostprocessing = 0;
		};
/* End PBXResourcesBuildPhase section */

/* Begin PBXSourcesBuildPhase section */
		BC0381E31DB55BDD00044CB1 /* Sources */ = {
			isa = PBXSourcesBuildPhase;
			buildActionMask = 2147483647;
			files = (
				BC7FBFCA1DB741AF003A37D0 /* TaskTableViewController.swift in Sources */,
				BC0381EB1DB55BDE00044CB1 /* AppDelegate.swift in Sources */,
				BC7FBFD21DB75D45003A37D0 /* TaskObject.swift in Sources */,
				BC7FBFCC1DB7452F003A37D0 /* StatsViewController.swift in Sources */,
				BCC2E1291DB73FBE00BB57F7 /* AddTaskViewController.swift in Sources */,
			);
			runOnlyForDeploymentPostprocessing = 0;
		};
/* End PBXSourcesBuildPhase section */

/* Begin PBXVariantGroup section */
		BC0381EE1DB55BDE00044CB1 /* Main.storyboard */ = {
			isa = PBXVariantGroup;
			children = (
				BC0381EF1DB55BDE00044CB1 /* Base */,
			);
			name = Main.storyboard;
			sourceTree = "<group>";
		};
		BC0381F31DB55BDE00044CB1 /* LaunchScreen.storyboard */ = {
			isa = PBXVariantGroup;
			children = (
				BC0381F41DB55BDE00044CB1 /* Base */,
			);
			name = LaunchScreen.storyboard;
			sourceTree = "<group>";
		};
/* End PBXVariantGroup section */

/* Begin XCBuildConfiguration section */
		BC0381F71DB55BDE00044CB1 /* Debug */ = {
			isa = XCBuildConfiguration;
			buildSettings = {
				ALWAYS_SEARCH_USER_PATHS = NO;
				CLANG_ANALYZER_NONNULL = YES;
				CLANG_CXX_LANGUAGE_STANDARD = "gnu++0x";
				CLANG_CXX_LIBRARY = "libc++";
				CLANG_ENABLE_MODULES = YES;
				CLANG_ENABLE_OBJC_ARC = YES;
				CLANG_WARN_BOOL_CONVERSION = YES;
				CLANG_WARN_CONSTANT_CONVERSION = YES;
				CLANG_WARN_DIRECT_OBJC_ISA_USAGE = YES_ERROR;
				CLANG_WARN_DOCUMENTATION_COMMENTS = YES;
				CLANG_WARN_EMPTY_BODY = YES;
				CLANG_WARN_ENUM_CONVERSION = YES;
				CLANG_WARN_INFINITE_RECURSION = YES;
				CLANG_WARN_INT_CONVERSION = YES;
				CLANG_WARN_OBJC_ROOT_CLASS = YES_ERROR;
				CLANG_WARN_SUSPICIOUS_MOVES = YES;
				CLANG_WARN_UNREACHABLE_CODE = YES;
				CLANG_WARN__DUPLICATE_METHOD_MATCH = YES;
				"CODE_SIGN_IDENTITY[sdk=iphoneos*]" = "iPhone Developer";
				COPY_PHASE_STRIP = NO;
				DEBUG_INFORMATION_FORMAT = dwarf;
				ENABLE_STRICT_OBJC_MSGSEND = YES;
				ENABLE_TESTABILITY = YES;
				GCC_C_LANGUAGE_STANDARD = gnu99;
				GCC_DYNAMIC_NO_PIC = NO;
				GCC_NO_COMMON_BLOCKS = YES;
				GCC_OPTIMIZATION_LEVEL = 0;
				GCC_PREPROCESSOR_DEFINITIONS = (
					"DEBUG=1",
					"$(inherited)",
				);
				GCC_WARN_64_TO_32_BIT_CONVERSION = YES;
				GCC_WARN_ABOUT_RETURN_TYPE = YES_ERROR;
				GCC_WARN_UNDECLARED_SELECTOR = YES;
				GCC_WARN_UNINITIALIZED_AUTOS = YES_AGGRESSIVE;
				GCC_WARN_UNUSED_FUNCTION = YES;
				GCC_WARN_UNUSED_VARIABLE = YES;
				IPHONEOS_DEPLOYMENT_TARGET = 10.0;
				MTL_ENABLE_DEBUG_INFO = YES;
				ONLY_ACTIVE_ARCH = YES;
				SDKROOT = iphoneos;
				SWIFT_ACTIVE_COMPILATION_CONDITIONS = DEBUG;
				SWIFT_OPTIMIZATION_LEVEL = "-Onone";
				TARGETED_DEVICE_FAMILY = "1,2";
			};
			name = Debug;
		};
		BC0381F81DB55BDE00044CB1 /* Release */ = {
			isa = XCBuildConfiguration;
			buildSettings = {
				ALWAYS_SEARCH_USER_PATHS = NO;
				CLANG_ANALYZER_NONNULL = YES;
				CLANG_CXX_LANGUAGE_STANDARD = "gnu++0x";
				CLANG_CXX_LIBRARY = "libc++";
				CLANG_ENABLE_MODULES = YES;
				CLANG_ENABLE_OBJC_ARC = YES;
				CLANG_WARN_BOOL_CONVERSION = YES;
				CLANG_WARN_CONSTANT_CONVERSION = YES;
				CLANG_WARN_DIRECT_OBJC_ISA_USAGE = YES_ERROR;
				CLANG_WARN_DOCUMENTATION_COMMENTS = YES;
				CLANG_WARN_EMPTY_BODY = YES;
				CLANG_WARN_ENUM_CONVERSION = YES;
				CLANG_WARN_INFINITE_RECURSION = YES;
				CLANG_WARN_INT_CONVERSION = YES;
				CLANG_WARN_OBJC_ROOT_CLASS = YES_ERROR;
				CLANG_WARN_SUSPICIOUS_MOVES = YES;
				CLANG_WARN_UNREACHABLE_CODE = YES;
				CLANG_WARN__DUPLICATE_METHOD_MATCH = YES;
				"CODE_SIGN_IDENTITY[sdk=iphoneos*]" = "iPhone Developer";
				COPY_PHASE_STRIP = NO;
				DEBUG_INFORMATION_FORMAT = "dwarf-with-dsym";
				ENABLE_NS_ASSERTIONS = NO;
				ENABLE_STRICT_OBJC_MSGSEND = YES;
				GCC_C_LANGUAGE_STANDARD = gnu99;
				GCC_NO_COMMON_BLOCKS = YES;
				GCC_WARN_64_TO_32_BIT_CONVERSION = YES;
				GCC_WARN_ABOUT_RETURN_TYPE = YES_ERROR;
				GCC_WARN_UNDECLARED_SELECTOR = YES;
				GCC_WARN_UNINITIALIZED_AUTOS = YES_AGGRESSIVE;
				GCC_WARN_UNUSED_FUNCTION = YES;
				GCC_WARN_UNUSED_VARIABLE = YES;
				IPHONEOS_DEPLOYMENT_TARGET = 10.0;
				MTL_ENABLE_DEBUG_INFO = NO;
				SDKROOT = iphoneos;
				SWIFT_OPTIMIZATION_LEVEL = "-Owholemodule";
				TARGETED_DEVICE_FAMILY = "1,2";
				VALIDATE_PRODUCT = YES;
			};
			name = Release;
		};
		BC0381FA1DB55BDE00044CB1 /* Debug */ = {
			isa = XCBuildConfiguration;
			buildSettings = {
				ASSETCATALOG_COMPILER_APPICON_NAME = AppIcon;
				INFOPLIST_FILE = Todo/Info.plist;
				LD_RUNPATH_SEARCH_PATHS = "$(inherited) @executable_path/Frameworks";
				PRODUCT_BUNDLE_IDENTIFIER = com.achan.Todo;
				PRODUCT_NAME = "$(TARGET_NAME)";
				SWIFT_VERSION = 3.0;
			};
			name = Debug;
		};
		BC0381FB1DB55BDE00044CB1 /* Release */ = {
			isa = XCBuildConfiguration;
			buildSettings = {
				ASSETCATALOG_COMPILER_APPICON_NAME = AppIcon;
				INFOPLIST_FILE = Todo/Info.plist;
				LD_RUNPATH_SEARCH_PATHS = "$(inherited) @executable_path/Frameworks";
				PRODUCT_BUNDLE_IDENTIFIER = com.achan.Todo;
				PRODUCT_NAME = "$(TARGET_NAME)";
				SWIFT_VERSION = 3.0;
			};
			name = Release;
		};
/* End XCBuildConfiguration section */

/* Begin XCConfigurationList section */
		BC0381E21DB55BDD00044CB1 /* Build configuration list for PBXProject "Todo" */ = {
			isa = XCConfigurationList;
			buildConfigurations = (
				BC0381F71DB55BDE00044CB1 /* Debug */,
				BC0381F81DB55BDE00044CB1 /* Release */,
			);
			defaultConfigurationIsVisible = 0;
			defaultConfigurationName = Release;
		};
		BC0381F91DB55BDE00044CB1 /* Build configuration list for PBXNativeTarget "Todo" */ = {
			isa = XCConfigurationList;
			buildConfigurations = (
				BC0381FA1DB55BDE00044CB1 /* Debug */,
				BC0381FB1DB55BDE00044CB1 /* Release */,
			);
			defaultConfigurationIsVisible = 0;
			defaultConfigurationName = Release;
		};
/* End XCConfigurationList section */
	};
	rootObject = BC0381DF1DB55BDD00044CB1 /* Project object */;
}
